
Microsoft Visual Studio Solution File, Format Version 12.00
# Visual Studio Version 17
VisualStudioVersion = 17.9.34728.123
MinimumVisualStudioVersion = 10.0.40219.1
Project("{9A19103F-16F7-4668-BE54-9A1E7A4F7556}") = "Hive-Auth-Server", "Hive-Auth-Server\Hive-Auth-Server.csproj", "{5CF83EEF-BCBD-42B4-AB39-FCF8A73552DB}"
EndProject
Project("{9A19103F-16F7-4668-BE54-9A1E7A4F7556}") = "Game-API-Server", "Game-API-Server\Game-API-Server.csproj", "{88963CFA-F050-467D-81E7-32357F870D5C}"
EndProject
Project("{9A19103F-16F7-4668-BE54-9A1E7A4F7556}") = "Omok-Server", "Omok-Server\Omok-Server.csproj", "{0BE88C16-5D32-4F5C-82BF-A10641247F63}"
EndProject
Project("{FAE04EC0-301F-11D3-BF4B-00C04F79EFBC}") = "Omok-Common-Defines", "Omok-Common-Defines\Omok-Common-Defines.csproj", "{06D8B1F9-D97E-493F-85F7-8F24D99B0433}"
EndProject
Global
	GlobalSection(SolutionConfigurationPlatforms) = preSolution
		Debug|Any CPU = Debug|Any CPU
		Release|Any CPU = Release|Any CPU
	EndGlobalSection
	GlobalSection(ProjectConfigurationPlatforms) = postSolution
		{5CF83EEF-BCBD-42B4-AB39-FCF8A73552DB}.Debug|Any CPU.ActiveCfg = Debug|Any CPU
		{5CF83EEF-BCBD-42B4-AB39-FCF8A73552DB}.Debug|Any CPU.Build.0 = Debug|Any CPU
		{5CF83EEF-BCBD-42B4-AB39-FCF8A73552DB}.Release|Any CPU.ActiveCfg = Release|Any CPU
		{5CF83EEF-BCBD-42B4-AB39-FCF8A73552DB}.Release|Any CPU.Build.0 = Release|Any CPU
		{88963CFA-F050-467D-81E7-32357F870D5C}.Debug|Any CPU.ActiveCfg = Debug|Any CPU
		{88963CFA-F050-467D-81E7-32357F870D5C}.Debug|Any CPU.Build.0 = Debug|Any CPU
		{88963CFA-F050-467D-81E7-32357F870D5C}.Release|Any CPU.ActiveCfg = Release|Any CPU
		{88963CFA-F050-467D-81E7-32357F870D5C}.Release|Any CPU.Build.0 = Release|Any CPU
		{0BE88C16-5D32-4F5C-82BF-A10641247F63}.Debug|Any CPU.ActiveCfg = Debug|Any CPU
		{0BE88C16-5D32-4F5C-82BF-A10641247F63}.Debug|Any CPU.Build.0 = Debug|Any CPU
		{0BE88C16-5D32-4F5C-82BF-A10641247F63}.Release|Any CPU.ActiveCfg = Release|Any CPU
		{0BE88C16-5D32-4F5C-82BF-A10641247F63}.Release|Any CPU.Build.0 = Release|Any CPU
		{06D8B1F9-D97E-493F-85F7-8F24D99B0433}.Debug|Any CPU.ActiveCfg = Debug|Any CPU
		{06D8B1F9-D97E-493F-85F7-8F24D99B0433}.Debug|Any CPU.Build.0 = Debug|Any CPU
		{06D8B1F9-D97E-493F-85F7-8F24D99B0433}.Release|Any CPU.ActiveCfg = Release|Any CPU
		{06D8B1F9-D97E-493F-85F7-8F24D99B0433}.Release|Any CPU.Build.0 = Release|Any CPU
	EndGlobalSection
	GlobalSection(SolutionProperties) = preSolution
		HideSolutionNode = FALSE
	EndGlobalSection
	GlobalSection(ExtensibilityGlobals) = postSolution
		SolutionGuid = {B7B22FA2-995A-48FB-8810-0DB2A2A2FEDA}
	EndGlobalSection
EndGlobal
