
Microsoft Visual Studio Solution File, Format Version 12.00
# Visual Studio Version 17
VisualStudioVersion = 17.9.34728.123
MinimumVisualStudioVersion = 10.0.40219.1
Project("{FAE04EC0-301F-11D3-BF4B-00C04F79EFBC}") = "Hive-Auth-Server", "Hive-Auth-Server\Hive-Auth-Server.csproj", "{5CF83EEF-BCBD-42B4-AB39-FCF8A73552DB}"
EndProject
Project("{FAE04EC0-301F-11D3-BF4B-00C04F79EFBC}") = "Game-API-Server", "Game-API-Server\Game-API-Server.csproj", "{88963CFA-F050-467D-81E7-32357F870D5C}"
EndProject
Global
	GlobalSection(SolutionConfigurationPlatforms) = preSolution
		Debug|Any CPU = Debug|Any CPU
		Release|Any CPU = Release|Any CPU
	EndGlobalSection
	GlobalSection(ProjectConfigurationPlatforms) = postSolution
		{5CF83EEF-BCBD-42B4-AB39-FCF8A73552DB}.Debug|Any CPU.ActiveCfg = Debug|Any CPU
		{5CF83EEF-BCBD-42B4-AB39-FCF8A73552DB}.Debug|Any CPU.Build.0 = Debug|Any CPU
		{5CF83EEF-BCBD-42B4-AB39-FCF8A73552DB}.Release|Any CPU.ActiveCfg = Release|Any CPU
		{5CF83EEF-BCBD-42B4-AB39-FCF8A73552DB}.Release|Any CPU.Build.0 = Release|Any CPU
		{88963CFA-F050-467D-81E7-32357F870D5C}.Debug|Any CPU.ActiveCfg = Debug|Any CPU
		{88963CFA-F050-467D-81E7-32357F870D5C}.Debug|Any CPU.Build.0 = Debug|Any CPU
		{88963CFA-F050-467D-81E7-32357F870D5C}.Release|Any CPU.ActiveCfg = Release|Any CPU
		{88963CFA-F050-467D-81E7-32357F870D5C}.Release|Any CPU.Build.0 = Release|Any CPU
	EndGlobalSection
	GlobalSection(SolutionProperties) = preSolution
		HideSolutionNode = FALSE
	EndGlobalSection
	GlobalSection(ExtensibilityGlobals) = postSolution
		SolutionGuid = {B7B22FA2-995A-48FB-8810-0DB2A2A2FEDA}
	EndGlobalSection
EndGlobal
